# This file is autogenerated, do not edit; changes may be undone by the next 'dep ensure'.


[[projects]]
  digest = "1:d77d385848f3d33ae4e8470628bfc2a9ce43f0cf9015710cf4ca085b90f8d3a6"
  name = "github.com/ktr0731/go-fuzzyfinder"
  packages = [
    ".",
    "matching",
    "scoring",
  ]
  pruneopts = "UT"
  revision = "f088c6b95f50ac4527acc1163025c2b2ff76fd1a"
  version = "v0.1.2"

[[projects]]
  branch = "master"
  digest = "1:ec6d80e0622e6d95e40b76936f13d28dd5d88635968a7cc87bf4c737237e13e9"
  name = "github.com/mattn/go-pipeline"
  packages = ["."]
  pruneopts = "UT"
  revision = "cfb87a531e2beb376fe3ce94a6dfef7956d33bc7"

[[projects]]
  digest = "1:0356f3312c9bd1cbeda81505b7fd437501d8e778ab66998ef69f00d7f9b3a0d7"
  name = "github.com/mattn/go-runewidth"
  packages = ["."]
  pruneopts = "UT"
  revision = "3ee7d812e62a0804a7d0a324e0249ca2db3476d3"
  version = "v0.0.4"

[[projects]]
  branch = "master"
  digest = "1:9d34b3ceb9aee1fc032d808220c14bbf560cd53562c890f90b79ad8b903c8d09"
  name = "github.com/nsf/termbox-go"
  packages = ["."]
  pruneopts = "UT"
  revision = "02980233997d87bbda048393d47b4d453f7a398d"

[[projects]]
  digest = "1:cf31692c14422fa27c83a05292eb5cbe0fb2775972e8f1f8446a71549bd8980b"
  name = "github.com/pkg/errors"
  packages = ["."]
  pruneopts = "UT"
  revision = "ba968bfe8b2f7e042a574c888954fccecfa385b4"
  version = "v0.8.1"

[[projects]]
  digest = "1:b24d38b282bacf9791408a080f606370efa3d364e4b5fd9ba0f7b87786d3b679"
  name = "github.com/urfave/cli"
  packages = ["."]
  pruneopts = "UT"
  revision = "cfb38830724cc34fedffe9a2a29fb54fa9169cd1"
  version = "v1.20.0"

[solve-meta]
  analyzer-name = "dep"
  analyzer-version = 1
  input-imports = [
    "github.com/ktr0731/go-fuzzyfinder",
    "github.com/mattn/go-pipeline",
    "github.com/urfave/cli",
  ]
  solver-name = "gps-cdcl"
  solver-version = 1
